
Microsoft Visual Studio Solution File, Format Version 12.00
# Visual Studio 15
VisualStudioVersion = 15.0.28010.2036
MinimumVisualStudioVersion = 10.0.40219.1
Project("{8BC9CEB8-8B4A-11D0-8D11-00A0C91BC942}") = "base", "DesktopBuild\base.vcxproj", "{0950F73A-8C63-4F6A-8247-F02FD4E9E5A6}"
EndProject
Project("{8BC9CEB8-8B4A-11D0-8D11-00A0C91BC942}") = "flow", "DesktopBuild\flow.vcxproj", "{9F9D5443-EC83-4122-BE90-39EB24CBF95C}"
	ProjectSection(ProjectDependencies) = postProject
		{0950F73A-8C63-4F6A-8247-F02FD4E9E5A6} = {0950F73A-8C63-4F6A-8247-F02FD4E9E5A6}
	EndProjectSection
EndProject
Project("{8BC9CEB8-8B4A-11D0-8D11-00A0C91BC942}") = "system", "DesktopBuild\system.vcxproj", "{C40B7E85-3BC6-4EDE-9A3D-C97B2227B3E7}"
	ProjectSection(ProjectDependencies) = postProject
		{0950F73A-8C63-4F6A-8247-F02FD4E9E5A6} = {0950F73A-8C63-4F6A-8247-F02FD4E9E5A6}
		{9F9D5443-EC83-4122-BE90-39EB24CBF95C} = {9F9D5443-EC83-4122-BE90-39EB24CBF95C}
	EndProjectSection
EndProject
Project("{8BC9CEB8-8B4A-11D0-8D11-00A0C91BC942}") = "flowextra", "DesktopBuild\flowextra.vcxproj", "{88D2CB84-71E5-4A5A-83E2-0D2B872CBBF7}"
	ProjectSection(ProjectDependencies) = postProject
		{0950F73A-8C63-4F6A-8247-F02FD4E9E5A6} = {0950F73A-8C63-4F6A-8247-F02FD4E9E5A6}
		{9F9D5443-EC83-4122-BE90-39EB24CBF95C} = {9F9D5443-EC83-4122-BE90-39EB24CBF95C}
		{C40B7E85-3BC6-4EDE-9A3D-C97B2227B3E7} = {C40B7E85-3BC6-4EDE-9A3D-C97B2227B3E7}
	EndProjectSection
EndProject
Project("{8BC9CEB8-8B4A-11D0-8D11-00A0C91BC942}") = "lwip", "DesktopBuild\lwip.vcxproj", "{DA44CC08-8532-440A-9009-4280A215C4D7}"
	ProjectSection(ProjectDependencies) = postProject
		{0950F73A-8C63-4F6A-8247-F02FD4E9E5A6} = {0950F73A-8C63-4F6A-8247-F02FD4E9E5A6}
		{9F9D5443-EC83-4122-BE90-39EB24CBF95C} = {9F9D5443-EC83-4122-BE90-39EB24CBF95C}
		{C40B7E85-3BC6-4EDE-9A3D-C97B2227B3E7} = {C40B7E85-3BC6-4EDE-9A3D-C97B2227B3E7}
	EndProjectSection
EndProject
Project("{8BC9CEB8-8B4A-11D0-8D11-00A0C91BC942}") = "socksclient", "DesktopBuild\socksclient.vcxproj", "{B3B14CEF-FF2A-43ED-801F-C90847E37767}"
	ProjectSection(ProjectDependencies) = postProject
		{0950F73A-8C63-4F6A-8247-F02FD4E9E5A6} = {0950F73A-8C63-4F6A-8247-F02FD4E9E5A6}
		{9F9D5443-EC83-4122-BE90-39EB24CBF95C} = {9F9D5443-EC83-4122-BE90-39EB24CBF95C}
		{88D2CB84-71E5-4A5A-83E2-0D2B872CBBF7} = {88D2CB84-71E5-4A5A-83E2-0D2B872CBBF7}
		{C40B7E85-3BC6-4EDE-9A3D-C97B2227B3E7} = {C40B7E85-3BC6-4EDE-9A3D-C97B2227B3E7}
		{EE0323D0-A7BE-4482-97CF-4A6EC553BDF5} = {EE0323D0-A7BE-4482-97CF-4A6EC553BDF5}
	EndProjectSection
EndProject
Project("{8BC9CEB8-8B4A-11D0-8D11-00A0C91BC942}") = "cryptoman", "DesktopBuild\cryptoman.vcxproj", "{EE0323D0-A7BE-4482-97CF-4A6EC553BDF5}"
EndProject
Project("{8BC9CEB8-8B4A-11D0-8D11-00A0C91BC942}") = "udpgw_client", "DesktopBuild\udpgw_client.vcxproj", "{D26B11DA-511E-4F92-B98A-6A4AC59D83CC}"
	ProjectSection(ProjectDependencies) = postProject
		{0950F73A-8C63-4F6A-8247-F02FD4E9E5A6} = {0950F73A-8C63-4F6A-8247-F02FD4E9E5A6}
		{9F9D5443-EC83-4122-BE90-39EB24CBF95C} = {9F9D5443-EC83-4122-BE90-39EB24CBF95C}
		{88D2CB84-71E5-4A5A-83E2-0D2B872CBBF7} = {88D2CB84-71E5-4A5A-83E2-0D2B872CBBF7}
		{C40B7E85-3BC6-4EDE-9A3D-C97B2227B3E7} = {C40B7E85-3BC6-4EDE-9A3D-C97B2227B3E7}
		{EE0323D0-A7BE-4482-97CF-4A6EC553BDF5} = {EE0323D0-A7BE-4482-97CF-4A6EC553BDF5}
	EndProjectSection
EndProject
Project("{8BC9CEB8-8B4A-11D0-8D11-00A0C91BC942}") = "tun2socks", "DesktopBuild\tun2socks.vcxproj", "{8319A8C9-3023-46A0-B440-6C72D6344876}"
	ProjectSection(ProjectDependencies) = postProject
		{DA44CC08-8532-440A-9009-4280A215C4D7} = {DA44CC08-8532-440A-9009-4280A215C4D7}
		{0950F73A-8C63-4F6A-8247-F02FD4E9E5A6} = {0950F73A-8C63-4F6A-8247-F02FD4E9E5A6}
		{9F9D5443-EC83-4122-BE90-39EB24CBF95C} = {9F9D5443-EC83-4122-BE90-39EB24CBF95C}
		{88D2CB84-71E5-4A5A-83E2-0D2B872CBBF7} = {88D2CB84-71E5-4A5A-83E2-0D2B872CBBF7}
		{C40B7E85-3BC6-4EDE-9A3D-C97B2227B3E7} = {C40B7E85-3BC6-4EDE-9A3D-C97B2227B3E7}
		{D26B11DA-511E-4F92-B98A-6A4AC59D83CC} = {D26B11DA-511E-4F92-B98A-6A4AC59D83CC}
		{B3B14CEF-FF2A-43ED-801F-C90847E37767} = {B3B14CEF-FF2A-43ED-801F-C90847E37767}
	EndProjectSection
EndProject
Project("{8BC9CEB8-8B4A-11D0-8D11-00A0C91BC942}") = "tuntest", "DesktopBuild\tuntest.vcxproj", "{38CFCC01-1F00-4372-A580-F0C35BEE2DF3}"
	ProjectSection(ProjectDependencies) = postProject
		{DA44CC08-8532-440A-9009-4280A215C4D7} = {DA44CC08-8532-440A-9009-4280A215C4D7}
		{0950F73A-8C63-4F6A-8247-F02FD4E9E5A6} = {0950F73A-8C63-4F6A-8247-F02FD4E9E5A6}
		{9F9D5443-EC83-4122-BE90-39EB24CBF95C} = {9F9D5443-EC83-4122-BE90-39EB24CBF95C}
		{88D2CB84-71E5-4A5A-83E2-0D2B872CBBF7} = {88D2CB84-71E5-4A5A-83E2-0D2B872CBBF7}
		{C40B7E85-3BC6-4EDE-9A3D-C97B2227B3E7} = {C40B7E85-3BC6-4EDE-9A3D-C97B2227B3E7}
		{8319A8C9-3023-46A0-B440-6C72D6344876} = {8319A8C9-3023-46A0-B440-6C72D6344876}
		{EE0323D0-A7BE-4482-97CF-4A6EC553BDF5} = {EE0323D0-A7BE-4482-97CF-4A6EC553BDF5}
		{D26B11DA-511E-4F92-B98A-6A4AC59D83CC} = {D26B11DA-511E-4F92-B98A-6A4AC59D83CC}
		{B3B14CEF-FF2A-43ED-801F-C90847E37767} = {B3B14CEF-FF2A-43ED-801F-C90847E37767}
	EndProjectSection
EndProject
Global
	GlobalSection(SolutionConfigurationPlatforms) = preSolution
		Debug|x64 = Debug|x64
		Debug|x86 = Debug|x86
		Release|x64 = Release|x64
		Release|x86 = Release|x86
	EndGlobalSection
	GlobalSection(ProjectConfigurationPlatforms) = postSolution
		{0950F73A-8C63-4F6A-8247-F02FD4E9E5A6}.Debug|x64.ActiveCfg = Debug|x64
		{0950F73A-8C63-4F6A-8247-F02FD4E9E5A6}.Debug|x64.Build.0 = Debug|x64
		{0950F73A-8C63-4F6A-8247-F02FD4E9E5A6}.Debug|x86.ActiveCfg = Debug|Win32
		{0950F73A-8C63-4F6A-8247-F02FD4E9E5A6}.Debug|x86.Build.0 = Debug|Win32
		{0950F73A-8C63-4F6A-8247-F02FD4E9E5A6}.Release|x64.ActiveCfg = Release|x64
		{0950F73A-8C63-4F6A-8247-F02FD4E9E5A6}.Release|x64.Build.0 = Release|x64
		{0950F73A-8C63-4F6A-8247-F02FD4E9E5A6}.Release|x86.ActiveCfg = Release|Win32
		{0950F73A-8C63-4F6A-8247-F02FD4E9E5A6}.Release|x86.Build.0 = Release|Win32
		{9F9D5443-EC83-4122-BE90-39EB24CBF95C}.Debug|x64.ActiveCfg = Debug|x64
		{9F9D5443-EC83-4122-BE90-39EB24CBF95C}.Debug|x64.Build.0 = Debug|x64
		{9F9D5443-EC83-4122-BE90-39EB24CBF95C}.Debug|x86.ActiveCfg = Debug|Win32
		{9F9D5443-EC83-4122-BE90-39EB24CBF95C}.Debug|x86.Build.0 = Debug|Win32
		{9F9D5443-EC83-4122-BE90-39EB24CBF95C}.Release|x64.ActiveCfg = Release|x64
		{9F9D5443-EC83-4122-BE90-39EB24CBF95C}.Release|x64.Build.0 = Release|x64
		{9F9D5443-EC83-4122-BE90-39EB24CBF95C}.Release|x86.ActiveCfg = Release|Win32
		{9F9D5443-EC83-4122-BE90-39EB24CBF95C}.Release|x86.Build.0 = Release|Win32
		{C40B7E85-3BC6-4EDE-9A3D-C97B2227B3E7}.Debug|x64.ActiveCfg = Debug|x64
		{C40B7E85-3BC6-4EDE-9A3D-C97B2227B3E7}.Debug|x64.Build.0 = Debug|x64
		{C40B7E85-3BC6-4EDE-9A3D-C97B2227B3E7}.Debug|x86.ActiveCfg = Debug|Win32
		{C40B7E85-3BC6-4EDE-9A3D-C97B2227B3E7}.Debug|x86.Build.0 = Debug|Win32
		{C40B7E85-3BC6-4EDE-9A3D-C97B2227B3E7}.Release|x64.ActiveCfg = Release|x64
		{C40B7E85-3BC6-4EDE-9A3D-C97B2227B3E7}.Release|x64.Build.0 = Release|x64
		{C40B7E85-3BC6-4EDE-9A3D-C97B2227B3E7}.Release|x86.ActiveCfg = Release|Win32
		{C40B7E85-3BC6-4EDE-9A3D-C97B2227B3E7}.Release|x86.Build.0 = Release|Win32
		{88D2CB84-71E5-4A5A-83E2-0D2B872CBBF7}.Debug|x64.ActiveCfg = Debug|x64
		{88D2CB84-71E5-4A5A-83E2-0D2B872CBBF7}.Debug|x64.Build.0 = Debug|x64
		{88D2CB84-71E5-4A5A-83E2-0D2B872CBBF7}.Debug|x86.ActiveCfg = Debug|Win32
		{88D2CB84-71E5-4A5A-83E2-0D2B872CBBF7}.Debug|x86.Build.0 = Debug|Win32
		{88D2CB84-71E5-4A5A-83E2-0D2B872CBBF7}.Release|x64.ActiveCfg = Release|x64
		{88D2CB84-71E5-4A5A-83E2-0D2B872CBBF7}.Release|x64.Build.0 = Release|x64
		{88D2CB84-71E5-4A5A-83E2-0D2B872CBBF7}.Release|x86.ActiveCfg = Release|Win32
		{88D2CB84-71E5-4A5A-83E2-0D2B872CBBF7}.Release|x86.Build.0 = Release|Win32
		{DA44CC08-8532-440A-9009-4280A215C4D7}.Debug|x64.ActiveCfg = Debug|x64
		{DA44CC08-8532-440A-9009-4280A215C4D7}.Debug|x64.Build.0 = Debug|x64
		{DA44CC08-8532-440A-9009-4280A215C4D7}.Debug|x86.ActiveCfg = Debug|Win32
		{DA44CC08-8532-440A-9009-4280A215C4D7}.Debug|x86.Build.0 = Debug|Win32
		{DA44CC08-8532-440A-9009-4280A215C4D7}.Release|x64.ActiveCfg = Release|x64
		{DA44CC08-8532-440A-9009-4280A215C4D7}.Release|x64.Build.0 = Release|x64
		{DA44CC08-8532-440A-9009-4280A215C4D7}.Release|x86.ActiveCfg = Release|Win32
		{DA44CC08-8532-440A-9009-4280A215C4D7}.Release|x86.Build.0 = Release|Win32
		{B3B14CEF-FF2A-43ED-801F-C90847E37767}.Debug|x64.ActiveCfg = Debug|x64
		{B3B14CEF-FF2A-43ED-801F-C90847E37767}.Debug|x64.Build.0 = Debug|x64
		{B3B14CEF-FF2A-43ED-801F-C90847E37767}.Debug|x86.ActiveCfg = Debug|Win32
		{B3B14CEF-FF2A-43ED-801F-C90847E37767}.Debug|x86.Build.0 = Debug|Win32
		{B3B14CEF-FF2A-43ED-801F-C90847E37767}.Release|x64.ActiveCfg = Release|x64
		{B3B14CEF-FF2A-43ED-801F-C90847E37767}.Release|x64.Build.0 = Release|x64
		{B3B14CEF-FF2A-43ED-801F-C90847E37767}.Release|x86.ActiveCfg = Release|Win32
		{B3B14CEF-FF2A-43ED-801F-C90847E37767}.Release|x86.Build.0 = Release|Win32
		{EE0323D0-A7BE-4482-97CF-4A6EC553BDF5}.Debug|x64.ActiveCfg = Debug|x64
		{EE0323D0-A7BE-4482-97CF-4A6EC553BDF5}.Debug|x64.Build.0 = Debug|x64
		{EE0323D0-A7BE-4482-97CF-4A6EC553BDF5}.Debug|x86.ActiveCfg = Debug|Win32
		{EE0323D0-A7BE-4482-97CF-4A6EC553BDF5}.Debug|x86.Build.0 = Debug|Win32
		{EE0323D0-A7BE-4482-97CF-4A6EC553BDF5}.Release|x64.ActiveCfg = Release|x64
		{EE0323D0-A7BE-4482-97CF-4A6EC553BDF5}.Release|x64.Build.0 = Release|x64
		{EE0323D0-A7BE-4482-97CF-4A6EC553BDF5}.Release|x86.ActiveCfg = Release|Win32
		{EE0323D0-A7BE-4482-97CF-4A6EC553BDF5}.Release|x86.Build.0 = Release|Win32
		{D26B11DA-511E-4F92-B98A-6A4AC59D83CC}.Debug|x64.ActiveCfg = Debug|x64
		{D26B11DA-511E-4F92-B98A-6A4AC59D83CC}.Debug|x64.Build.0 = Debug|x64
		{D26B11DA-511E-4F92-B98A-6A4AC59D83CC}.Debug|x86.ActiveCfg = Debug|Win32
		{D26B11DA-511E-4F92-B98A-6A4AC59D83CC}.Debug|x86.Build.0 = Debug|Win32
		{D26B11DA-511E-4F92-B98A-6A4AC59D83CC}.Release|x64.ActiveCfg = Release|x64
		{D26B11DA-511E-4F92-B98A-6A4AC59D83CC}.Release|x64.Build.0 = Release|x64
		{D26B11DA-511E-4F92-B98A-6A4AC59D83CC}.Release|x86.ActiveCfg = Release|Win32
		{D26B11DA-511E-4F92-B98A-6A4AC59D83CC}.Release|x86.Build.0 = Release|Win32
		{8319A8C9-3023-46A0-B440-6C72D6344876}.Debug|x64.ActiveCfg = Debug|x64
		{8319A8C9-3023-46A0-B440-6C72D6344876}.Debug|x64.Build.0 = Debug|x64
		{8319A8C9-3023-46A0-B440-6C72D6344876}.Debug|x86.ActiveCfg = Debug|Win32
		{8319A8C9-3023-46A0-B440-6C72D6344876}.Debug|x86.Build.0 = Debug|Win32
		{8319A8C9-3023-46A0-B440-6C72D6344876}.Release|x64.ActiveCfg = Release|x64
		{8319A8C9-3023-46A0-B440-6C72D6344876}.Release|x64.Build.0 = Release|x64
		{8319A8C9-3023-46A0-B440-6C72D6344876}.Release|x86.ActiveCfg = Release|Win32
		{8319A8C9-3023-46A0-B440-6C72D6344876}.Release|x86.Build.0 = Release|Win32
		{38CFCC01-1F00-4372-A580-F0C35BEE2DF3}.Debug|x64.ActiveCfg = Debug|x64
		{38CFCC01-1F00-4372-A580-F0C35BEE2DF3}.Debug|x64.Build.0 = Debug|x64
		{38CFCC01-1F00-4372-A580-F0C35BEE2DF3}.Debug|x86.ActiveCfg = Debug|Win32
		{38CFCC01-1F00-4372-A580-F0C35BEE2DF3}.Debug|x86.Build.0 = Debug|Win32
		{38CFCC01-1F00-4372-A580-F0C35BEE2DF3}.Release|x64.ActiveCfg = Release|x64
		{38CFCC01-1F00-4372-A580-F0C35BEE2DF3}.Release|x64.Build.0 = Release|x64
		{38CFCC01-1F00-4372-A580-F0C35BEE2DF3}.Release|x86.ActiveCfg = Release|Win32
		{38CFCC01-1F00-4372-A580-F0C35BEE2DF3}.Release|x86.Build.0 = Release|Win32
	EndGlobalSection
	GlobalSection(SolutionProperties) = preSolution
		HideSolutionNode = FALSE
	EndGlobalSection
	GlobalSection(ExtensibilityGlobals) = postSolution
		SolutionGuid = {79164320-1883-43D0-98C8-2D44BA07C6E4}
	EndGlobalSection
EndGlobal
